
Microsoft Visual Studio Solution File, Format Version 12.00
# Visual Studio Version 16
VisualStudioVersion = 16.0.31205.134
MinimumVisualStudioVersion = 10.0.40219.1
Project("{2150E333-8FDC-42A3-9474-1A3956D46DE8}") = "Infrastructure", "Infrastructure", "{0C3BA059-DA2E-4D89-9DA8-8246DB8DEEA3}"
EndProject
Project("{FAE04EC0-301F-11D3-BF4B-00C04F79EFBC}") = "ConsoleLogAnalyzerLab2", "ConsoleLogAnalyzerLab2\ConsoleLogAnalyzerLab2.csproj", "{688B6294-58BB-4F8A-B430-830422F97C0B}"
EndProject
Project("{2150E333-8FDC-42A3-9474-1A3956D46DE8}") = "UnitTest", "UnitTest", "{15B74FD1-0313-4583-B0D7-EC92FAB9CC54}"
EndProject
Project("{FAE04EC0-301F-11D3-BF4B-00C04F79EFBC}") = "ConsoleLogAnalyzerLab2Tests", "ConsoleLogAnalyzerLab2Tests\ConsoleLogAnalyzerLab2Tests.csproj", "{9E4AC8D1-6DC7-43B9-85DE-97331E3A517F}"
EndProject
Project("{FAE04EC0-301F-11D3-BF4B-00C04F79EFBC}") = "ConsoleLogAnalyzerLab2MoqTests", "ConsoleLogAnalyzerLab2MoqTests\ConsoleLogAnalyzerLab2MoqTests.csproj", "{3A599D8F-E82B-4724-B063-D7765E375424}"
EndProject
Global
	GlobalSection(SolutionConfigurationPlatforms) = preSolution
		Debug|Any CPU = Debug|Any CPU
		Release|Any CPU = Release|Any CPU
	EndGlobalSection
	GlobalSection(ProjectConfigurationPlatforms) = postSolution
		{688B6294-58BB-4F8A-B430-830422F97C0B}.Debug|Any CPU.ActiveCfg = Debug|Any CPU
		{688B6294-58BB-4F8A-B430-830422F97C0B}.Debug|Any CPU.Build.0 = Debug|Any CPU
		{688B6294-58BB-4F8A-B430-830422F97C0B}.Release|Any CPU.ActiveCfg = Release|Any CPU
		{688B6294-58BB-4F8A-B430-830422F97C0B}.Release|Any CPU.Build.0 = Release|Any CPU
		{9E4AC8D1-6DC7-43B9-85DE-97331E3A517F}.Debug|Any CPU.ActiveCfg = Debug|Any CPU
		{9E4AC8D1-6DC7-43B9-85DE-97331E3A517F}.Debug|Any CPU.Build.0 = Debug|Any CPU
		{9E4AC8D1-6DC7-43B9-85DE-97331E3A517F}.Release|Any CPU.ActiveCfg = Release|Any CPU
		{9E4AC8D1-6DC7-43B9-85DE-97331E3A517F}.Release|Any CPU.Build.0 = Release|Any CPU
		{3A599D8F-E82B-4724-B063-D7765E375424}.Debug|Any CPU.ActiveCfg = Debug|Any CPU
		{3A599D8F-E82B-4724-B063-D7765E375424}.Debug|Any CPU.Build.0 = Debug|Any CPU
		{3A599D8F-E82B-4724-B063-D7765E375424}.Release|Any CPU.ActiveCfg = Release|Any CPU
		{3A599D8F-E82B-4724-B063-D7765E375424}.Release|Any CPU.Build.0 = Release|Any CPU
	EndGlobalSection
	GlobalSection(SolutionProperties) = preSolution
		HideSolutionNode = FALSE
	EndGlobalSection
	GlobalSection(NestedProjects) = preSolution
		{688B6294-58BB-4F8A-B430-830422F97C0B} = {0C3BA059-DA2E-4D89-9DA8-8246DB8DEEA3}
		{9E4AC8D1-6DC7-43B9-85DE-97331E3A517F} = {15B74FD1-0313-4583-B0D7-EC92FAB9CC54}
		{3A599D8F-E82B-4724-B063-D7765E375424} = {15B74FD1-0313-4583-B0D7-EC92FAB9CC54}
	EndGlobalSection
	GlobalSection(ExtensibilityGlobals) = postSolution
		SolutionGuid = {69184447-D8AC-47C8-B529-74CECFDA7975}
	EndGlobalSection
EndGlobal
